
Microsoft Visual Studio Solution File, Format Version 12.00
# Visual Studio Version 17
Project("{2150E333-8FDC-42A3-9474-1A3956D46DE8}") = "CMake", "CMake", "{6359791A-B8A1-3BD5-A7BC-DE934599902C}"
EndProject
Project("{2150E333-8FDC-42A3-9474-1A3956D46DE8}") = "SFML", "SFML", "{BF1C99E4-03A5-3B84-95C7-51AFBF1E7F53}"
EndProject
Project("{8BC9CEB8-8B4A-11D0-8D11-00A0C91BC942}") = "ALL_BUILD", "ALL_BUILD.vcxproj", "{B03788A8-B23A-3952-A03F-FB317EE19C83}"
	ProjectSection(ProjectDependencies) = postProject
		{3FBA3A38-1190-38D7-921A-B10C8D5C4883} = {3FBA3A38-1190-38D7-921A-B10C8D5C4883}
		{7BC9E321-7B60-3C9B-81A0-BEB851B36C3C} = {7BC9E321-7B60-3C9B-81A0-BEB851B36C3C}
		{364C43D7-3D32-37E2-AED0-289537A0AE04} = {364C43D7-3D32-37E2-AED0-289537A0AE04}
		{F41924C3-C925-36CC-99C3-D9A397C4AC24} = {F41924C3-C925-36CC-99C3-D9A397C4AC24}
		{71368516-5605-3CD8-95E0-F4CAEBE2BFE7} = {71368516-5605-3CD8-95E0-F4CAEBE2BFE7}
		{0B46C70C-5420-35C1-8C23-86270B422F98} = {0B46C70C-5420-35C1-8C23-86270B422F98}
		{AAE8BD5B-846F-3A77-ADBC-21A035FBA49C} = {AAE8BD5B-846F-3A77-ADBC-21A035FBA49C}
	EndProjectSection
EndProject
Project("{8BC9CEB8-8B4A-11D0-8D11-00A0C91BC942}") = "Centipede", "Lab1\Centipede.vcxproj", "{3FBA3A38-1190-38D7-921A-B10C8D5C4883}"
	ProjectSection(ProjectDependencies) = postProject
		{7BC9E321-7B60-3C9B-81A0-BEB851B36C3C} = {7BC9E321-7B60-3C9B-81A0-BEB851B36C3C}
		{364C43D7-3D32-37E2-AED0-289537A0AE04} = {364C43D7-3D32-37E2-AED0-289537A0AE04}
		{0B46C70C-5420-35C1-8C23-86270B422F98} = {0B46C70C-5420-35C1-8C23-86270B422F98}
		{AAE8BD5B-846F-3A77-ADBC-21A035FBA49C} = {AAE8BD5B-846F-3A77-ADBC-21A035FBA49C}
	EndProjectSection
EndProject
Project("{8BC9CEB8-8B4A-11D0-8D11-00A0C91BC942}") = "INSTALL", "INSTALL.vcxproj", "{CB137CFF-7925-369D-A6A1-3CBD755C1210}"
	ProjectSection(ProjectDependencies) = postProject
		{B03788A8-B23A-3952-A03F-FB317EE19C83} = {B03788A8-B23A-3952-A03F-FB317EE19C83}
		{7BC9E321-7B60-3C9B-81A0-BEB851B36C3C} = {7BC9E321-7B60-3C9B-81A0-BEB851B36C3C}
	EndProjectSection
EndProject
Project("{8BC9CEB8-8B4A-11D0-8D11-00A0C91BC942}") = "PACKAGE", "PACKAGE.vcxproj", "{654768A9-EA02-3562-BA4E-03D69FA64574}"
	ProjectSection(ProjectDependencies) = postProject
		{B03788A8-B23A-3952-A03F-FB317EE19C83} = {B03788A8-B23A-3952-A03F-FB317EE19C83}
		{7BC9E321-7B60-3C9B-81A0-BEB851B36C3C} = {7BC9E321-7B60-3C9B-81A0-BEB851B36C3C}
	EndProjectSection
EndProject
Project("{8BC9CEB8-8B4A-11D0-8D11-00A0C91BC942}") = "ZERO_CHECK", "ZERO_CHECK.vcxproj", "{7BC9E321-7B60-3C9B-81A0-BEB851B36C3C}"
	ProjectSection(ProjectDependencies) = postProject
	EndProjectSection
EndProject
Project("{8BC9CEB8-8B4A-11D0-8D11-00A0C91BC942}") = "sfml-graphics", "SFML\src\SFML\Graphics\sfml-graphics.vcxproj", "{364C43D7-3D32-37E2-AED0-289537A0AE04}"
	ProjectSection(ProjectDependencies) = postProject
		{7BC9E321-7B60-3C9B-81A0-BEB851B36C3C} = {7BC9E321-7B60-3C9B-81A0-BEB851B36C3C}
		{0B46C70C-5420-35C1-8C23-86270B422F98} = {0B46C70C-5420-35C1-8C23-86270B422F98}
		{AAE8BD5B-846F-3A77-ADBC-21A035FBA49C} = {AAE8BD5B-846F-3A77-ADBC-21A035FBA49C}
	EndProjectSection
EndProject
Project("{8BC9CEB8-8B4A-11D0-8D11-00A0C91BC942}") = "sfml-main", "SFML\src\SFML\Main\sfml-main.vcxproj", "{F41924C3-C925-36CC-99C3-D9A397C4AC24}"
	ProjectSection(ProjectDependencies) = postProject
		{7BC9E321-7B60-3C9B-81A0-BEB851B36C3C} = {7BC9E321-7B60-3C9B-81A0-BEB851B36C3C}
	EndProjectSection
EndProject
Project("{8BC9CEB8-8B4A-11D0-8D11-00A0C91BC942}") = "sfml-network", "SFML\src\SFML\Network\sfml-network.vcxproj", "{71368516-5605-3CD8-95E0-F4CAEBE2BFE7}"
	ProjectSection(ProjectDependencies) = postProject
		{7BC9E321-7B60-3C9B-81A0-BEB851B36C3C} = {7BC9E321-7B60-3C9B-81A0-BEB851B36C3C}
		{0B46C70C-5420-35C1-8C23-86270B422F98} = {0B46C70C-5420-35C1-8C23-86270B422F98}
	EndProjectSection
EndProject
Project("{8BC9CEB8-8B4A-11D0-8D11-00A0C91BC942}") = "sfml-system", "SFML\src\SFML\System\sfml-system.vcxproj", "{0B46C70C-5420-35C1-8C23-86270B422F98}"
	ProjectSection(ProjectDependencies) = postProject
		{7BC9E321-7B60-3C9B-81A0-BEB851B36C3C} = {7BC9E321-7B60-3C9B-81A0-BEB851B36C3C}
	EndProjectSection
EndProject
Project("{8BC9CEB8-8B4A-11D0-8D11-00A0C91BC942}") = "sfml-window", "SFML\src\SFML\Window\sfml-window.vcxproj", "{AAE8BD5B-846F-3A77-ADBC-21A035FBA49C}"
	ProjectSection(ProjectDependencies) = postProject
		{7BC9E321-7B60-3C9B-81A0-BEB851B36C3C} = {7BC9E321-7B60-3C9B-81A0-BEB851B36C3C}
		{0B46C70C-5420-35C1-8C23-86270B422F98} = {0B46C70C-5420-35C1-8C23-86270B422F98}
	EndProjectSection
EndProject
Global
	GlobalSection(SolutionConfigurationPlatforms) = preSolution
		Debug|x64 = Debug|x64
		Release|x64 = Release|x64
		MinSizeRel|x64 = MinSizeRel|x64
		RelWithDebInfo|x64 = RelWithDebInfo|x64
	EndGlobalSection
	GlobalSection(ProjectConfigurationPlatforms) = postSolution
		{B03788A8-B23A-3952-A03F-FB317EE19C83}.Debug|x64.ActiveCfg = Debug|x64
		{B03788A8-B23A-3952-A03F-FB317EE19C83}.Debug|x64.Build.0 = Debug|x64
		{B03788A8-B23A-3952-A03F-FB317EE19C83}.Release|x64.ActiveCfg = Release|x64
		{B03788A8-B23A-3952-A03F-FB317EE19C83}.Release|x64.Build.0 = Release|x64
		{B03788A8-B23A-3952-A03F-FB317EE19C83}.MinSizeRel|x64.ActiveCfg = MinSizeRel|x64
		{B03788A8-B23A-3952-A03F-FB317EE19C83}.MinSizeRel|x64.Build.0 = MinSizeRel|x64
		{B03788A8-B23A-3952-A03F-FB317EE19C83}.RelWithDebInfo|x64.ActiveCfg = RelWithDebInfo|x64
		{B03788A8-B23A-3952-A03F-FB317EE19C83}.RelWithDebInfo|x64.Build.0 = RelWithDebInfo|x64
		{3FBA3A38-1190-38D7-921A-B10C8D5C4883}.Debug|x64.ActiveCfg = Debug|x64
		{3FBA3A38-1190-38D7-921A-B10C8D5C4883}.Debug|x64.Build.0 = Debug|x64
		{3FBA3A38-1190-38D7-921A-B10C8D5C4883}.Release|x64.ActiveCfg = Release|x64
		{3FBA3A38-1190-38D7-921A-B10C8D5C4883}.Release|x64.Build.0 = Release|x64
		{3FBA3A38-1190-38D7-921A-B10C8D5C4883}.MinSizeRel|x64.ActiveCfg = MinSizeRel|x64
		{3FBA3A38-1190-38D7-921A-B10C8D5C4883}.MinSizeRel|x64.Build.0 = MinSizeRel|x64
		{3FBA3A38-1190-38D7-921A-B10C8D5C4883}.RelWithDebInfo|x64.ActiveCfg = RelWithDebInfo|x64
		{3FBA3A38-1190-38D7-921A-B10C8D5C4883}.RelWithDebInfo|x64.Build.0 = RelWithDebInfo|x64
		{CB137CFF-7925-369D-A6A1-3CBD755C1210}.Debug|x64.ActiveCfg = Debug|x64
		{CB137CFF-7925-369D-A6A1-3CBD755C1210}.Release|x64.ActiveCfg = Release|x64
		{CB137CFF-7925-369D-A6A1-3CBD755C1210}.MinSizeRel|x64.ActiveCfg = MinSizeRel|x64
		{CB137CFF-7925-369D-A6A1-3CBD755C1210}.RelWithDebInfo|x64.ActiveCfg = RelWithDebInfo|x64
		{654768A9-EA02-3562-BA4E-03D69FA64574}.Debug|x64.ActiveCfg = Debug|x64
		{654768A9-EA02-3562-BA4E-03D69FA64574}.Release|x64.ActiveCfg = Release|x64
		{654768A9-EA02-3562-BA4E-03D69FA64574}.MinSizeRel|x64.ActiveCfg = MinSizeRel|x64
		{654768A9-EA02-3562-BA4E-03D69FA64574}.RelWithDebInfo|x64.ActiveCfg = RelWithDebInfo|x64
		{7BC9E321-7B60-3C9B-81A0-BEB851B36C3C}.Debug|x64.ActiveCfg = Debug|x64
		{7BC9E321-7B60-3C9B-81A0-BEB851B36C3C}.Debug|x64.Build.0 = Debug|x64
		{7BC9E321-7B60-3C9B-81A0-BEB851B36C3C}.Release|x64.ActiveCfg = Release|x64
		{7BC9E321-7B60-3C9B-81A0-BEB851B36C3C}.Release|x64.Build.0 = Release|x64
		{7BC9E321-7B60-3C9B-81A0-BEB851B36C3C}.MinSizeRel|x64.ActiveCfg = MinSizeRel|x64
		{7BC9E321-7B60-3C9B-81A0-BEB851B36C3C}.MinSizeRel|x64.Build.0 = MinSizeRel|x64
		{7BC9E321-7B60-3C9B-81A0-BEB851B36C3C}.RelWithDebInfo|x64.ActiveCfg = RelWithDebInfo|x64
		{7BC9E321-7B60-3C9B-81A0-BEB851B36C3C}.RelWithDebInfo|x64.Build.0 = RelWithDebInfo|x64
		{364C43D7-3D32-37E2-AED0-289537A0AE04}.Debug|x64.ActiveCfg = Debug|x64
		{364C43D7-3D32-37E2-AED0-289537A0AE04}.Debug|x64.Build.0 = Debug|x64
		{364C43D7-3D32-37E2-AED0-289537A0AE04}.Release|x64.ActiveCfg = Release|x64
		{364C43D7-3D32-37E2-AED0-289537A0AE04}.Release|x64.Build.0 = Release|x64
		{364C43D7-3D32-37E2-AED0-289537A0AE04}.MinSizeRel|x64.ActiveCfg = MinSizeRel|x64
		{364C43D7-3D32-37E2-AED0-289537A0AE04}.MinSizeRel|x64.Build.0 = MinSizeRel|x64
		{364C43D7-3D32-37E2-AED0-289537A0AE04}.RelWithDebInfo|x64.ActiveCfg = RelWithDebInfo|x64
		{364C43D7-3D32-37E2-AED0-289537A0AE04}.RelWithDebInfo|x64.Build.0 = RelWithDebInfo|x64
		{F41924C3-C925-36CC-99C3-D9A397C4AC24}.Debug|x64.ActiveCfg = Debug|x64
		{F41924C3-C925-36CC-99C3-D9A397C4AC24}.Debug|x64.Build.0 = Debug|x64
		{F41924C3-C925-36CC-99C3-D9A397C4AC24}.Release|x64.ActiveCfg = Release|x64
		{F41924C3-C925-36CC-99C3-D9A397C4AC24}.Release|x64.Build.0 = Release|x64
		{F41924C3-C925-36CC-99C3-D9A397C4AC24}.MinSizeRel|x64.ActiveCfg = MinSizeRel|x64
		{F41924C3-C925-36CC-99C3-D9A397C4AC24}.MinSizeRel|x64.Build.0 = MinSizeRel|x64
		{F41924C3-C925-36CC-99C3-D9A397C4AC24}.RelWithDebInfo|x64.ActiveCfg = RelWithDebInfo|x64
		{F41924C3-C925-36CC-99C3-D9A397C4AC24}.RelWithDebInfo|x64.Build.0 = RelWithDebInfo|x64
		{71368516-5605-3CD8-95E0-F4CAEBE2BFE7}.Debug|x64.ActiveCfg = Debug|x64
		{71368516-5605-3CD8-95E0-F4CAEBE2BFE7}.Debug|x64.Build.0 = Debug|x64
		{71368516-5605-3CD8-95E0-F4CAEBE2BFE7}.Release|x64.ActiveCfg = Release|x64
		{71368516-5605-3CD8-95E0-F4CAEBE2BFE7}.Release|x64.Build.0 = Release|x64
		{71368516-5605-3CD8-95E0-F4CAEBE2BFE7}.MinSizeRel|x64.ActiveCfg = MinSizeRel|x64
		{71368516-5605-3CD8-95E0-F4CAEBE2BFE7}.MinSizeRel|x64.Build.0 = MinSizeRel|x64
		{71368516-5605-3CD8-95E0-F4CAEBE2BFE7}.RelWithDebInfo|x64.ActiveCfg = RelWithDebInfo|x64
		{71368516-5605-3CD8-95E0-F4CAEBE2BFE7}.RelWithDebInfo|x64.Build.0 = RelWithDebInfo|x64
		{0B46C70C-5420-35C1-8C23-86270B422F98}.Debug|x64.ActiveCfg = Debug|x64
		{0B46C70C-5420-35C1-8C23-86270B422F98}.Debug|x64.Build.0 = Debug|x64
		{0B46C70C-5420-35C1-8C23-86270B422F98}.Release|x64.ActiveCfg = Release|x64
		{0B46C70C-5420-35C1-8C23-86270B422F98}.Release|x64.Build.0 = Release|x64
		{0B46C70C-5420-35C1-8C23-86270B422F98}.MinSizeRel|x64.ActiveCfg = MinSizeRel|x64
		{0B46C70C-5420-35C1-8C23-86270B422F98}.MinSizeRel|x64.Build.0 = MinSizeRel|x64
		{0B46C70C-5420-35C1-8C23-86270B422F98}.RelWithDebInfo|x64.ActiveCfg = RelWithDebInfo|x64
		{0B46C70C-5420-35C1-8C23-86270B422F98}.RelWithDebInfo|x64.Build.0 = RelWithDebInfo|x64
		{AAE8BD5B-846F-3A77-ADBC-21A035FBA49C}.Debug|x64.ActiveCfg = Debug|x64
		{AAE8BD5B-846F-3A77-ADBC-21A035FBA49C}.Debug|x64.Build.0 = Debug|x64
		{AAE8BD5B-846F-3A77-ADBC-21A035FBA49C}.Release|x64.ActiveCfg = Release|x64
		{AAE8BD5B-846F-3A77-ADBC-21A035FBA49C}.Release|x64.Build.0 = Release|x64
		{AAE8BD5B-846F-3A77-ADBC-21A035FBA49C}.MinSizeRel|x64.ActiveCfg = MinSizeRel|x64
		{AAE8BD5B-846F-3A77-ADBC-21A035FBA49C}.MinSizeRel|x64.Build.0 = MinSizeRel|x64
		{AAE8BD5B-846F-3A77-ADBC-21A035FBA49C}.RelWithDebInfo|x64.ActiveCfg = RelWithDebInfo|x64
		{AAE8BD5B-846F-3A77-ADBC-21A035FBA49C}.RelWithDebInfo|x64.Build.0 = RelWithDebInfo|x64
	EndGlobalSection
	GlobalSection(NestedProjects) = preSolution
		{B03788A8-B23A-3952-A03F-FB317EE19C83} = {6359791A-B8A1-3BD5-A7BC-DE934599902C}
		{CB137CFF-7925-369D-A6A1-3CBD755C1210} = {6359791A-B8A1-3BD5-A7BC-DE934599902C}
		{654768A9-EA02-3562-BA4E-03D69FA64574} = {6359791A-B8A1-3BD5-A7BC-DE934599902C}
		{7BC9E321-7B60-3C9B-81A0-BEB851B36C3C} = {6359791A-B8A1-3BD5-A7BC-DE934599902C}
		{364C43D7-3D32-37E2-AED0-289537A0AE04} = {BF1C99E4-03A5-3B84-95C7-51AFBF1E7F53}
		{F41924C3-C925-36CC-99C3-D9A397C4AC24} = {BF1C99E4-03A5-3B84-95C7-51AFBF1E7F53}
		{71368516-5605-3CD8-95E0-F4CAEBE2BFE7} = {BF1C99E4-03A5-3B84-95C7-51AFBF1E7F53}
		{0B46C70C-5420-35C1-8C23-86270B422F98} = {BF1C99E4-03A5-3B84-95C7-51AFBF1E7F53}
		{AAE8BD5B-846F-3A77-ADBC-21A035FBA49C} = {BF1C99E4-03A5-3B84-95C7-51AFBF1E7F53}
	EndGlobalSection
	GlobalSection(ExtensibilityGlobals) = postSolution
		SolutionGuid = {11B2F612-79D3-3C5E-8200-2C209B546F3D}
	EndGlobalSection
	GlobalSection(ExtensibilityAddIns) = postSolution
	EndGlobalSection
EndGlobal
