
Microsoft Visual Studio Solution File, Format Version 12.00
# Visual Studio Version 17
Project("{2150E333-8FDC-42A3-9474-1A3956D46DE8}") = "CMake", "CMake", "{17EDAB76-3707-366C-947B-80DF80D2D945}"
EndProject
Project("{2150E333-8FDC-42A3-9474-1A3956D46DE8}") = "SFML", "SFML", "{7FC6C660-DF7A-3405-BBCB-D2937A0F53B6}"
EndProject
Project("{8BC9CEB8-8B4A-11D0-8D11-00A0C91BC942}") = "ALL_BUILD", "ALL_BUILD.vcxproj", "{073927F8-ADFC-3646-BD0F-FE2E85A82094}"
	ProjectSection(ProjectDependencies) = postProject
		{A719F405-9D79-3C99-A6A8-E727B2A81FF8} = {A719F405-9D79-3C99-A6A8-E727B2A81FF8}
		{97A737A7-D9D5-3329-B012-E184329D2211} = {97A737A7-D9D5-3329-B012-E184329D2211}
	EndProjectSection
EndProject
Project("{8BC9CEB8-8B4A-11D0-8D11-00A0C91BC942}") = "INSTALL", "INSTALL.vcxproj", "{AC7786A9-1110-3288-8A0C-0246EACE4060}"
	ProjectSection(ProjectDependencies) = postProject
		{073927F8-ADFC-3646-BD0F-FE2E85A82094} = {073927F8-ADFC-3646-BD0F-FE2E85A82094}
		{A719F405-9D79-3C99-A6A8-E727B2A81FF8} = {A719F405-9D79-3C99-A6A8-E727B2A81FF8}
	EndProjectSection
EndProject
Project("{8BC9CEB8-8B4A-11D0-8D11-00A0C91BC942}") = "PACKAGE", "PACKAGE.vcxproj", "{D648A034-CE1C-3C99-8312-A3C673EB2B74}"
	ProjectSection(ProjectDependencies) = postProject
		{073927F8-ADFC-3646-BD0F-FE2E85A82094} = {073927F8-ADFC-3646-BD0F-FE2E85A82094}
		{A719F405-9D79-3C99-A6A8-E727B2A81FF8} = {A719F405-9D79-3C99-A6A8-E727B2A81FF8}
	EndProjectSection
EndProject
Project("{8BC9CEB8-8B4A-11D0-8D11-00A0C91BC942}") = "ZERO_CHECK", "..\\ZERO_CHECK.vcxproj", "{A719F405-9D79-3C99-A6A8-E727B2A81FF8}"
	ProjectSection(ProjectDependencies) = postProject
	EndProjectSection
EndProject
Project("{8BC9CEB8-8B4A-11D0-8D11-00A0C91BC942}") = "my_program", "my_program.vcxproj", "{97A737A7-D9D5-3329-B012-E184329D2211}"
	ProjectSection(ProjectDependencies) = postProject
		{A719F405-9D79-3C99-A6A8-E727B2A81FF8} = {A719F405-9D79-3C99-A6A8-E727B2A81FF8}
		{1D98E29A-D02A-3E7C-B4D5-991587EE9894} = {1D98E29A-D02A-3E7C-B4D5-991587EE9894}
		{B6ABE1A2-CB9E-341C-B980-A864DF98677D} = {B6ABE1A2-CB9E-341C-B980-A864DF98677D}
		{04A8672A-8E62-33B6-A848-3E303F9E4A8E} = {04A8672A-8E62-33B6-A848-3E303F9E4A8E}
	EndProjectSection
EndProject
Project("{8BC9CEB8-8B4A-11D0-8D11-00A0C91BC942}") = "sfml-graphics", "..\SFML\src\SFML\Graphics\sfml-graphics.vcxproj", "{1D98E29A-D02A-3E7C-B4D5-991587EE9894}"
	ProjectSection(ProjectDependencies) = postProject
		{A719F405-9D79-3C99-A6A8-E727B2A81FF8} = {A719F405-9D79-3C99-A6A8-E727B2A81FF8}
		{B6ABE1A2-CB9E-341C-B980-A864DF98677D} = {B6ABE1A2-CB9E-341C-B980-A864DF98677D}
		{04A8672A-8E62-33B6-A848-3E303F9E4A8E} = {04A8672A-8E62-33B6-A848-3E303F9E4A8E}
	EndProjectSection
EndProject
Project("{8BC9CEB8-8B4A-11D0-8D11-00A0C91BC942}") = "sfml-system", "..\SFML\src\SFML\System\sfml-system.vcxproj", "{B6ABE1A2-CB9E-341C-B980-A864DF98677D}"
	ProjectSection(ProjectDependencies) = postProject
		{A719F405-9D79-3C99-A6A8-E727B2A81FF8} = {A719F405-9D79-3C99-A6A8-E727B2A81FF8}
	EndProjectSection
EndProject
Project("{8BC9CEB8-8B4A-11D0-8D11-00A0C91BC942}") = "sfml-window", "..\SFML\src\SFML\Window\sfml-window.vcxproj", "{04A8672A-8E62-33B6-A848-3E303F9E4A8E}"
	ProjectSection(ProjectDependencies) = postProject
		{A719F405-9D79-3C99-A6A8-E727B2A81FF8} = {A719F405-9D79-3C99-A6A8-E727B2A81FF8}
		{B6ABE1A2-CB9E-341C-B980-A864DF98677D} = {B6ABE1A2-CB9E-341C-B980-A864DF98677D}
	EndProjectSection
EndProject
Global
	GlobalSection(SolutionConfigurationPlatforms) = preSolution
		Debug|x64 = Debug|x64
		Release|x64 = Release|x64
		MinSizeRel|x64 = MinSizeRel|x64
		RelWithDebInfo|x64 = RelWithDebInfo|x64
	EndGlobalSection
	GlobalSection(ProjectConfigurationPlatforms) = postSolution
		{073927F8-ADFC-3646-BD0F-FE2E85A82094}.Debug|x64.ActiveCfg = Debug|x64
		{073927F8-ADFC-3646-BD0F-FE2E85A82094}.Debug|x64.Build.0 = Debug|x64
		{073927F8-ADFC-3646-BD0F-FE2E85A82094}.Release|x64.ActiveCfg = Release|x64
		{073927F8-ADFC-3646-BD0F-FE2E85A82094}.Release|x64.Build.0 = Release|x64
		{073927F8-ADFC-3646-BD0F-FE2E85A82094}.MinSizeRel|x64.ActiveCfg = MinSizeRel|x64
		{073927F8-ADFC-3646-BD0F-FE2E85A82094}.MinSizeRel|x64.Build.0 = MinSizeRel|x64
		{073927F8-ADFC-3646-BD0F-FE2E85A82094}.RelWithDebInfo|x64.ActiveCfg = RelWithDebInfo|x64
		{073927F8-ADFC-3646-BD0F-FE2E85A82094}.RelWithDebInfo|x64.Build.0 = RelWithDebInfo|x64
		{AC7786A9-1110-3288-8A0C-0246EACE4060}.Debug|x64.ActiveCfg = Debug|x64
		{AC7786A9-1110-3288-8A0C-0246EACE4060}.Release|x64.ActiveCfg = Release|x64
		{AC7786A9-1110-3288-8A0C-0246EACE4060}.MinSizeRel|x64.ActiveCfg = MinSizeRel|x64
		{AC7786A9-1110-3288-8A0C-0246EACE4060}.RelWithDebInfo|x64.ActiveCfg = RelWithDebInfo|x64
		{D648A034-CE1C-3C99-8312-A3C673EB2B74}.Debug|x64.ActiveCfg = Debug|x64
		{D648A034-CE1C-3C99-8312-A3C673EB2B74}.Release|x64.ActiveCfg = Release|x64
		{D648A034-CE1C-3C99-8312-A3C673EB2B74}.MinSizeRel|x64.ActiveCfg = MinSizeRel|x64
		{D648A034-CE1C-3C99-8312-A3C673EB2B74}.RelWithDebInfo|x64.ActiveCfg = RelWithDebInfo|x64
		{A719F405-9D79-3C99-A6A8-E727B2A81FF8}.Debug|x64.ActiveCfg = Debug|x64
		{A719F405-9D79-3C99-A6A8-E727B2A81FF8}.Debug|x64.Build.0 = Debug|x64
		{A719F405-9D79-3C99-A6A8-E727B2A81FF8}.Release|x64.ActiveCfg = Release|x64
		{A719F405-9D79-3C99-A6A8-E727B2A81FF8}.Release|x64.Build.0 = Release|x64
		{A719F405-9D79-3C99-A6A8-E727B2A81FF8}.MinSizeRel|x64.ActiveCfg = MinSizeRel|x64
		{A719F405-9D79-3C99-A6A8-E727B2A81FF8}.MinSizeRel|x64.Build.0 = MinSizeRel|x64
		{A719F405-9D79-3C99-A6A8-E727B2A81FF8}.RelWithDebInfo|x64.ActiveCfg = RelWithDebInfo|x64
		{A719F405-9D79-3C99-A6A8-E727B2A81FF8}.RelWithDebInfo|x64.Build.0 = RelWithDebInfo|x64
		{97A737A7-D9D5-3329-B012-E184329D2211}.Debug|x64.ActiveCfg = Debug|x64
		{97A737A7-D9D5-3329-B012-E184329D2211}.Debug|x64.Build.0 = Debug|x64
		{97A737A7-D9D5-3329-B012-E184329D2211}.Release|x64.ActiveCfg = Release|x64
		{97A737A7-D9D5-3329-B012-E184329D2211}.Release|x64.Build.0 = Release|x64
		{97A737A7-D9D5-3329-B012-E184329D2211}.MinSizeRel|x64.ActiveCfg = MinSizeRel|x64
		{97A737A7-D9D5-3329-B012-E184329D2211}.MinSizeRel|x64.Build.0 = MinSizeRel|x64
		{97A737A7-D9D5-3329-B012-E184329D2211}.RelWithDebInfo|x64.ActiveCfg = RelWithDebInfo|x64
		{97A737A7-D9D5-3329-B012-E184329D2211}.RelWithDebInfo|x64.Build.0 = RelWithDebInfo|x64
		{1D98E29A-D02A-3E7C-B4D5-991587EE9894}.Debug|x64.ActiveCfg = Debug|x64
		{1D98E29A-D02A-3E7C-B4D5-991587EE9894}.Debug|x64.Build.0 = Debug|x64
		{1D98E29A-D02A-3E7C-B4D5-991587EE9894}.Release|x64.ActiveCfg = Release|x64
		{1D98E29A-D02A-3E7C-B4D5-991587EE9894}.Release|x64.Build.0 = Release|x64
		{1D98E29A-D02A-3E7C-B4D5-991587EE9894}.MinSizeRel|x64.ActiveCfg = MinSizeRel|x64
		{1D98E29A-D02A-3E7C-B4D5-991587EE9894}.MinSizeRel|x64.Build.0 = MinSizeRel|x64
		{1D98E29A-D02A-3E7C-B4D5-991587EE9894}.RelWithDebInfo|x64.ActiveCfg = RelWithDebInfo|x64
		{1D98E29A-D02A-3E7C-B4D5-991587EE9894}.RelWithDebInfo|x64.Build.0 = RelWithDebInfo|x64
		{B6ABE1A2-CB9E-341C-B980-A864DF98677D}.Debug|x64.ActiveCfg = Debug|x64
		{B6ABE1A2-CB9E-341C-B980-A864DF98677D}.Debug|x64.Build.0 = Debug|x64
		{B6ABE1A2-CB9E-341C-B980-A864DF98677D}.Release|x64.ActiveCfg = Release|x64
		{B6ABE1A2-CB9E-341C-B980-A864DF98677D}.Release|x64.Build.0 = Release|x64
		{B6ABE1A2-CB9E-341C-B980-A864DF98677D}.MinSizeRel|x64.ActiveCfg = MinSizeRel|x64
		{B6ABE1A2-CB9E-341C-B980-A864DF98677D}.MinSizeRel|x64.Build.0 = MinSizeRel|x64
		{B6ABE1A2-CB9E-341C-B980-A864DF98677D}.RelWithDebInfo|x64.ActiveCfg = RelWithDebInfo|x64
		{B6ABE1A2-CB9E-341C-B980-A864DF98677D}.RelWithDebInfo|x64.Build.0 = RelWithDebInfo|x64
		{04A8672A-8E62-33B6-A848-3E303F9E4A8E}.Debug|x64.ActiveCfg = Debug|x64
		{04A8672A-8E62-33B6-A848-3E303F9E4A8E}.Debug|x64.Build.0 = Debug|x64
		{04A8672A-8E62-33B6-A848-3E303F9E4A8E}.Release|x64.ActiveCfg = Release|x64
		{04A8672A-8E62-33B6-A848-3E303F9E4A8E}.Release|x64.Build.0 = Release|x64
		{04A8672A-8E62-33B6-A848-3E303F9E4A8E}.MinSizeRel|x64.ActiveCfg = MinSizeRel|x64
		{04A8672A-8E62-33B6-A848-3E303F9E4A8E}.MinSizeRel|x64.Build.0 = MinSizeRel|x64
		{04A8672A-8E62-33B6-A848-3E303F9E4A8E}.RelWithDebInfo|x64.ActiveCfg = RelWithDebInfo|x64
		{04A8672A-8E62-33B6-A848-3E303F9E4A8E}.RelWithDebInfo|x64.Build.0 = RelWithDebInfo|x64
	EndGlobalSection
	GlobalSection(NestedProjects) = preSolution
		{073927F8-ADFC-3646-BD0F-FE2E85A82094} = {17EDAB76-3707-366C-947B-80DF80D2D945}
		{AC7786A9-1110-3288-8A0C-0246EACE4060} = {17EDAB76-3707-366C-947B-80DF80D2D945}
		{D648A034-CE1C-3C99-8312-A3C673EB2B74} = {17EDAB76-3707-366C-947B-80DF80D2D945}
		{A719F405-9D79-3C99-A6A8-E727B2A81FF8} = {17EDAB76-3707-366C-947B-80DF80D2D945}
		{1D98E29A-D02A-3E7C-B4D5-991587EE9894} = {7FC6C660-DF7A-3405-BBCB-D2937A0F53B6}
		{B6ABE1A2-CB9E-341C-B980-A864DF98677D} = {7FC6C660-DF7A-3405-BBCB-D2937A0F53B6}
		{04A8672A-8E62-33B6-A848-3E303F9E4A8E} = {7FC6C660-DF7A-3405-BBCB-D2937A0F53B6}
	EndGlobalSection
	GlobalSection(ExtensibilityGlobals) = postSolution
		SolutionGuid = {DFE18A25-96B0-3F1B-8868-2F383F929504}
	EndGlobalSection
	GlobalSection(ExtensibilityAddIns) = postSolution
	EndGlobalSection
EndGlobal
